
Microsoft Visual Studio Solution File, Format Version 12.00
# Visual Studio Version 17
VisualStudioVersion = 17.5.33530.505
MinimumVisualStudioVersion = 10.0.40219.1
Project("{FAE04EC0-301F-11D3-BF4B-00C04F79EFBC}") = "G09_Collections", "G09_Collections\G09_Collections.csproj", "{7871CC32-8CC0-4640-A93B-5487BAF984DA}"
EndProject
Global
	GlobalSection(SolutionConfigurationPlatforms) = preSolution
		Debug|Any CPU = Debug|Any CPU
		Release|Any CPU = Release|Any CPU
	EndGlobalSection
	GlobalSection(ProjectConfigurationPlatforms) = postSolution
		{7871CC32-8CC0-4640-A93B-5487BAF984DA}.Debug|Any CPU.ActiveCfg = Debug|Any CPU
		{7871CC32-8CC0-4640-A93B-5487BAF984DA}.Debug|Any CPU.Build.0 = Debug|Any CPU
		{7871CC32-8CC0-4640-A93B-5487BAF984DA}.Release|Any CPU.ActiveCfg = Release|Any CPU
		{7871CC32-8CC0-4640-A93B-5487BAF984DA}.Release|Any CPU.Build.0 = Release|Any CPU
	EndGlobalSection
	GlobalSection(SolutionProperties) = preSolution
		HideSolutionNode = FALSE
	EndGlobalSection
	GlobalSection(ExtensibilityGlobals) = postSolution
		SolutionGuid = {F3083E70-AF71-4295-AA44-4416383D2423}
	EndGlobalSection
EndGlobal
